
Microsoft Visual Studio Solution File, Format Version 12.00
Project("{FAE04EC0-301F-11D3-BF4B-00C04F79EFBC}") = "FileStoringService.Entities", "FileStoringService.Entities\FileStoringService.Entities.csproj", "{04D68580-8E5B-407B-BA1D-5E9162EC1E94}"
EndProject
Project("{FAE04EC0-301F-11D3-BF4B-00C04F79EFBC}") = "FileStoringService.UseCases", "FileStoringService.UseCases\FileStoringService.UseCases.csproj", "{5E5C784E-79F6-4367-AF25-73E440B38FAD}"
EndProject
Project("{FAE04EC0-301F-11D3-BF4B-00C04F79EFBC}") = "FileAnalisysService.Entities", "FileAnalisysService.Entities\FileAnalisysService.Entities.csproj", "{A658F1BD-2F33-4039-9827-793179F60B83}"
EndProject
Project("{FAE04EC0-301F-11D3-BF4B-00C04F79EFBC}") = "FileAnalisysService.UseCases", "FileAnalisysService.UseCases\FileAnalisysService.UseCases.csproj", "{845D5282-2AD4-40C7-B59F-B6F4895EDCDC}"
EndProject
Project("{FAE04EC0-301F-11D3-BF4B-00C04F79EFBC}") = "FileStoringService.Infrastructure", "FileStoringService.Infrastructure\FileStoringService.Infrastructure.csproj", "{8956A080-30D3-48B8-BD7C-09E005B8FB87}"
EndProject
Project("{FAE04EC0-301F-11D3-BF4B-00C04F79EFBC}") = "FileAnalisysService.Infrastructure", "FileAnalisysService.Infrastructure\FileAnalisysService.Infrastructure.csproj", "{9CC73BA2-DEEE-4946-B22F-9751A4F1D7B3}"
EndProject
Project("{FAE04EC0-301F-11D3-BF4B-00C04F79EFBC}") = "FileStoringService.Presentation", "FileStoringService.Presentation\FileStoringService.Presentation.csproj", "{F8FAF02D-014F-40A6-BAB8-C892E1F2C30D}"
EndProject
Project("{FAE04EC0-301F-11D3-BF4B-00C04F79EFBC}") = "FileAnalisysService.Presentation", "FileAnalisysService.Presentation\FileAnalisysService.Presentation.csproj", "{3F4681FF-13AD-4F1A-BE81-E8EC54DBEC37}"
EndProject
Project("{FAE04EC0-301F-11D3-BF4B-00C04F79EFBC}") = "FileStoringService.Api", "FileStoringService.Api\FileStoringService.Api.csproj", "{634284F7-B013-47F4-9F86-05C3719A1223}"
EndProject
Project("{FAE04EC0-301F-11D3-BF4B-00C04F79EFBC}") = "FileAnalisysService.Api", "FileAnalisysService.Api\FileAnalisysService.Api.csproj", "{FC60B824-9039-4977-925E-591E99025429}"
EndProject
Project("{FAE04EC0-301F-11D3-BF4B-00C04F79EFBC}") = "ApiGateway", "ApiGateway\ApiGateway.csproj", "{D7B1E834-4BE1-427D-A63F-A0237C716650}"
EndProject
Global
	GlobalSection(SolutionConfigurationPlatforms) = preSolution
		Debug|Any CPU = Debug|Any CPU
		Debug|x64 = Debug|x64
		Debug|x86 = Debug|x86
		Release|Any CPU = Release|Any CPU
		Release|x64 = Release|x64
		Release|x86 = Release|x86
	EndGlobalSection
	GlobalSection(ProjectConfigurationPlatforms) = postSolution
		{04D68580-8E5B-407B-BA1D-5E9162EC1E94}.Debug|Any CPU.ActiveCfg = Debug|Any CPU
		{04D68580-8E5B-407B-BA1D-5E9162EC1E94}.Debug|Any CPU.Build.0 = Debug|Any CPU
		{04D68580-8E5B-407B-BA1D-5E9162EC1E94}.Debug|x64.ActiveCfg = Debug|Any CPU
		{04D68580-8E5B-407B-BA1D-5E9162EC1E94}.Debug|x64.Build.0 = Debug|Any CPU
		{04D68580-8E5B-407B-BA1D-5E9162EC1E94}.Debug|x86.ActiveCfg = Debug|Any CPU
		{04D68580-8E5B-407B-BA1D-5E9162EC1E94}.Debug|x86.Build.0 = Debug|Any CPU
		{04D68580-8E5B-407B-BA1D-5E9162EC1E94}.Release|Any CPU.ActiveCfg = Release|Any CPU
		{04D68580-8E5B-407B-BA1D-5E9162EC1E94}.Release|Any CPU.Build.0 = Release|Any CPU
		{04D68580-8E5B-407B-BA1D-5E9162EC1E94}.Release|x64.ActiveCfg = Release|Any CPU
		{04D68580-8E5B-407B-BA1D-5E9162EC1E94}.Release|x64.Build.0 = Release|Any CPU
		{04D68580-8E5B-407B-BA1D-5E9162EC1E94}.Release|x86.ActiveCfg = Release|Any CPU
		{04D68580-8E5B-407B-BA1D-5E9162EC1E94}.Release|x86.Build.0 = Release|Any CPU
		{5E5C784E-79F6-4367-AF25-73E440B38FAD}.Debug|Any CPU.ActiveCfg = Debug|Any CPU
		{5E5C784E-79F6-4367-AF25-73E440B38FAD}.Debug|Any CPU.Build.0 = Debug|Any CPU
		{5E5C784E-79F6-4367-AF25-73E440B38FAD}.Debug|x64.ActiveCfg = Debug|Any CPU
		{5E5C784E-79F6-4367-AF25-73E440B38FAD}.Debug|x64.Build.0 = Debug|Any CPU
		{5E5C784E-79F6-4367-AF25-73E440B38FAD}.Debug|x86.ActiveCfg = Debug|Any CPU
		{5E5C784E-79F6-4367-AF25-73E440B38FAD}.Debug|x86.Build.0 = Debug|Any CPU
		{5E5C784E-79F6-4367-AF25-73E440B38FAD}.Release|Any CPU.ActiveCfg = Release|Any CPU
		{5E5C784E-79F6-4367-AF25-73E440B38FAD}.Release|Any CPU.Build.0 = Release|Any CPU
		{5E5C784E-79F6-4367-AF25-73E440B38FAD}.Release|x64.ActiveCfg = Release|Any CPU
		{5E5C784E-79F6-4367-AF25-73E440B38FAD}.Release|x64.Build.0 = Release|Any CPU
		{5E5C784E-79F6-4367-AF25-73E440B38FAD}.Release|x86.ActiveCfg = Release|Any CPU
		{5E5C784E-79F6-4367-AF25-73E440B38FAD}.Release|x86.Build.0 = Release|Any CPU
		{A658F1BD-2F33-4039-9827-793179F60B83}.Debug|Any CPU.ActiveCfg = Debug|Any CPU
		{A658F1BD-2F33-4039-9827-793179F60B83}.Debug|Any CPU.Build.0 = Debug|Any CPU
		{A658F1BD-2F33-4039-9827-793179F60B83}.Debug|x64.ActiveCfg = Debug|Any CPU
		{A658F1BD-2F33-4039-9827-793179F60B83}.Debug|x64.Build.0 = Debug|Any CPU
		{A658F1BD-2F33-4039-9827-793179F60B83}.Debug|x86.ActiveCfg = Debug|Any CPU
		{A658F1BD-2F33-4039-9827-793179F60B83}.Debug|x86.Build.0 = Debug|Any CPU
		{A658F1BD-2F33-4039-9827-793179F60B83}.Release|Any CPU.ActiveCfg = Release|Any CPU
		{A658F1BD-2F33-4039-9827-793179F60B83}.Release|Any CPU.Build.0 = Release|Any CPU
		{A658F1BD-2F33-4039-9827-793179F60B83}.Release|x64.ActiveCfg = Release|Any CPU
		{A658F1BD-2F33-4039-9827-793179F60B83}.Release|x64.Build.0 = Release|Any CPU
		{A658F1BD-2F33-4039-9827-793179F60B83}.Release|x86.ActiveCfg = Release|Any CPU
		{A658F1BD-2F33-4039-9827-793179F60B83}.Release|x86.Build.0 = Release|Any CPU
		{845D5282-2AD4-40C7-B59F-B6F4895EDCDC}.Debug|Any CPU.ActiveCfg = Debug|Any CPU
		{845D5282-2AD4-40C7-B59F-B6F4895EDCDC}.Debug|Any CPU.Build.0 = Debug|Any CPU
		{845D5282-2AD4-40C7-B59F-B6F4895EDCDC}.Debug|x64.ActiveCfg = Debug|Any CPU
		{845D5282-2AD4-40C7-B59F-B6F4895EDCDC}.Debug|x64.Build.0 = Debug|Any CPU
		{845D5282-2AD4-40C7-B59F-B6F4895EDCDC}.Debug|x86.ActiveCfg = Debug|Any CPU
		{845D5282-2AD4-40C7-B59F-B6F4895EDCDC}.Debug|x86.Build.0 = Debug|Any CPU
		{845D5282-2AD4-40C7-B59F-B6F4895EDCDC}.Release|Any CPU.ActiveCfg = Release|Any CPU
		{845D5282-2AD4-40C7-B59F-B6F4895EDCDC}.Release|Any CPU.Build.0 = Release|Any CPU
		{845D5282-2AD4-40C7-B59F-B6F4895EDCDC}.Release|x64.ActiveCfg = Release|Any CPU
		{845D5282-2AD4-40C7-B59F-B6F4895EDCDC}.Release|x64.Build.0 = Release|Any CPU
		{845D5282-2AD4-40C7-B59F-B6F4895EDCDC}.Release|x86.ActiveCfg = Release|Any CPU
		{845D5282-2AD4-40C7-B59F-B6F4895EDCDC}.Release|x86.Build.0 = Release|Any CPU
		{8956A080-30D3-48B8-BD7C-09E005B8FB87}.Debug|Any CPU.ActiveCfg = Debug|Any CPU
		{8956A080-30D3-48B8-BD7C-09E005B8FB87}.Debug|Any CPU.Build.0 = Debug|Any CPU
		{8956A080-30D3-48B8-BD7C-09E005B8FB87}.Debug|x64.ActiveCfg = Debug|Any CPU
		{8956A080-30D3-48B8-BD7C-09E005B8FB87}.Debug|x64.Build.0 = Debug|Any CPU
		{8956A080-30D3-48B8-BD7C-09E005B8FB87}.Debug|x86.ActiveCfg = Debug|Any CPU
		{8956A080-30D3-48B8-BD7C-09E005B8FB87}.Debug|x86.Build.0 = Debug|Any CPU
		{8956A080-30D3-48B8-BD7C-09E005B8FB87}.Release|Any CPU.ActiveCfg = Release|Any CPU
		{8956A080-30D3-48B8-BD7C-09E005B8FB87}.Release|Any CPU.Build.0 = Release|Any CPU
		{8956A080-30D3-48B8-BD7C-09E005B8FB87}.Release|x64.ActiveCfg = Release|Any CPU
		{8956A080-30D3-48B8-BD7C-09E005B8FB87}.Release|x64.Build.0 = Release|Any CPU
		{8956A080-30D3-48B8-BD7C-09E005B8FB87}.Release|x86.ActiveCfg = Release|Any CPU
		{8956A080-30D3-48B8-BD7C-09E005B8FB87}.Release|x86.Build.0 = Release|Any CPU
		{9CC73BA2-DEEE-4946-B22F-9751A4F1D7B3}.Debug|Any CPU.ActiveCfg = Debug|Any CPU
		{9CC73BA2-DEEE-4946-B22F-9751A4F1D7B3}.Debug|Any CPU.Build.0 = Debug|Any CPU
		{9CC73BA2-DEEE-4946-B22F-9751A4F1D7B3}.Debug|x64.ActiveCfg = Debug|Any CPU
		{9CC73BA2-DEEE-4946-B22F-9751A4F1D7B3}.Debug|x64.Build.0 = Debug|Any CPU
		{9CC73BA2-DEEE-4946-B22F-9751A4F1D7B3}.Debug|x86.ActiveCfg = Debug|Any CPU
		{9CC73BA2-DEEE-4946-B22F-9751A4F1D7B3}.Debug|x86.Build.0 = Debug|Any CPU
		{9CC73BA2-DEEE-4946-B22F-9751A4F1D7B3}.Release|Any CPU.ActiveCfg = Release|Any CPU
		{9CC73BA2-DEEE-4946-B22F-9751A4F1D7B3}.Release|Any CPU.Build.0 = Release|Any CPU
		{9CC73BA2-DEEE-4946-B22F-9751A4F1D7B3}.Release|x64.ActiveCfg = Release|Any CPU
		{9CC73BA2-DEEE-4946-B22F-9751A4F1D7B3}.Release|x64.Build.0 = Release|Any CPU
		{9CC73BA2-DEEE-4946-B22F-9751A4F1D7B3}.Release|x86.ActiveCfg = Release|Any CPU
		{9CC73BA2-DEEE-4946-B22F-9751A4F1D7B3}.Release|x86.Build.0 = Release|Any CPU
		{F8FAF02D-014F-40A6-BAB8-C892E1F2C30D}.Debug|Any CPU.ActiveCfg = Debug|Any CPU
		{F8FAF02D-014F-40A6-BAB8-C892E1F2C30D}.Debug|Any CPU.Build.0 = Debug|Any CPU
		{F8FAF02D-014F-40A6-BAB8-C892E1F2C30D}.Debug|x64.ActiveCfg = Debug|Any CPU
		{F8FAF02D-014F-40A6-BAB8-C892E1F2C30D}.Debug|x64.Build.0 = Debug|Any CPU
		{F8FAF02D-014F-40A6-BAB8-C892E1F2C30D}.Debug|x86.ActiveCfg = Debug|Any CPU
		{F8FAF02D-014F-40A6-BAB8-C892E1F2C30D}.Debug|x86.Build.0 = Debug|Any CPU
		{F8FAF02D-014F-40A6-BAB8-C892E1F2C30D}.Release|Any CPU.ActiveCfg = Release|Any CPU
		{F8FAF02D-014F-40A6-BAB8-C892E1F2C30D}.Release|Any CPU.Build.0 = Release|Any CPU
		{F8FAF02D-014F-40A6-BAB8-C892E1F2C30D}.Release|x64.ActiveCfg = Release|Any CPU
		{F8FAF02D-014F-40A6-BAB8-C892E1F2C30D}.Release|x64.Build.0 = Release|Any CPU
		{F8FAF02D-014F-40A6-BAB8-C892E1F2C30D}.Release|x86.ActiveCfg = Release|Any CPU
		{F8FAF02D-014F-40A6-BAB8-C892E1F2C30D}.Release|x86.Build.0 = Release|Any CPU
		{3F4681FF-13AD-4F1A-BE81-E8EC54DBEC37}.Debug|Any CPU.ActiveCfg = Debug|Any CPU
		{3F4681FF-13AD-4F1A-BE81-E8EC54DBEC37}.Debug|Any CPU.Build.0 = Debug|Any CPU
		{3F4681FF-13AD-4F1A-BE81-E8EC54DBEC37}.Debug|x64.ActiveCfg = Debug|Any CPU
		{3F4681FF-13AD-4F1A-BE81-E8EC54DBEC37}.Debug|x64.Build.0 = Debug|Any CPU
		{3F4681FF-13AD-4F1A-BE81-E8EC54DBEC37}.Debug|x86.ActiveCfg = Debug|Any CPU
		{3F4681FF-13AD-4F1A-BE81-E8EC54DBEC37}.Debug|x86.Build.0 = Debug|Any CPU
		{3F4681FF-13AD-4F1A-BE81-E8EC54DBEC37}.Release|Any CPU.ActiveCfg = Release|Any CPU
		{3F4681FF-13AD-4F1A-BE81-E8EC54DBEC37}.Release|Any CPU.Build.0 = Release|Any CPU
		{3F4681FF-13AD-4F1A-BE81-E8EC54DBEC37}.Release|x64.ActiveCfg = Release|Any CPU
		{3F4681FF-13AD-4F1A-BE81-E8EC54DBEC37}.Release|x64.Build.0 = Release|Any CPU
		{3F4681FF-13AD-4F1A-BE81-E8EC54DBEC37}.Release|x86.ActiveCfg = Release|Any CPU
		{3F4681FF-13AD-4F1A-BE81-E8EC54DBEC37}.Release|x86.Build.0 = Release|Any CPU
		{634284F7-B013-47F4-9F86-05C3719A1223}.Debug|Any CPU.ActiveCfg = Debug|Any CPU
		{634284F7-B013-47F4-9F86-05C3719A1223}.Debug|Any CPU.Build.0 = Debug|Any CPU
		{634284F7-B013-47F4-9F86-05C3719A1223}.Debug|x64.ActiveCfg = Debug|Any CPU
		{634284F7-B013-47F4-9F86-05C3719A1223}.Debug|x64.Build.0 = Debug|Any CPU
		{634284F7-B013-47F4-9F86-05C3719A1223}.Debug|x86.ActiveCfg = Debug|Any CPU
		{634284F7-B013-47F4-9F86-05C3719A1223}.Debug|x86.Build.0 = Debug|Any CPU
		{634284F7-B013-47F4-9F86-05C3719A1223}.Release|Any CPU.ActiveCfg = Release|Any CPU
		{634284F7-B013-47F4-9F86-05C3719A1223}.Release|Any CPU.Build.0 = Release|Any CPU
		{634284F7-B013-47F4-9F86-05C3719A1223}.Release|x64.ActiveCfg = Release|Any CPU
		{634284F7-B013-47F4-9F86-05C3719A1223}.Release|x64.Build.0 = Release|Any CPU
		{634284F7-B013-47F4-9F86-05C3719A1223}.Release|x86.ActiveCfg = Release|Any CPU
		{634284F7-B013-47F4-9F86-05C3719A1223}.Release|x86.Build.0 = Release|Any CPU
		{FC60B824-9039-4977-925E-591E99025429}.Debug|Any CPU.ActiveCfg = Debug|Any CPU
		{FC60B824-9039-4977-925E-591E99025429}.Debug|Any CPU.Build.0 = Debug|Any CPU
		{FC60B824-9039-4977-925E-591E99025429}.Debug|x64.ActiveCfg = Debug|Any CPU
		{FC60B824-9039-4977-925E-591E99025429}.Debug|x64.Build.0 = Debug|Any CPU
		{FC60B824-9039-4977-925E-591E99025429}.Debug|x86.ActiveCfg = Debug|Any CPU
		{FC60B824-9039-4977-925E-591E99025429}.Debug|x86.Build.0 = Debug|Any CPU
		{FC60B824-9039-4977-925E-591E99025429}.Release|Any CPU.ActiveCfg = Release|Any CPU
		{FC60B824-9039-4977-925E-591E99025429}.Release|Any CPU.Build.0 = Release|Any CPU
		{FC60B824-9039-4977-925E-591E99025429}.Release|x64.ActiveCfg = Release|Any CPU
		{FC60B824-9039-4977-925E-591E99025429}.Release|x64.Build.0 = Release|Any CPU
		{FC60B824-9039-4977-925E-591E99025429}.Release|x86.ActiveCfg = Release|Any CPU
		{FC60B824-9039-4977-925E-591E99025429}.Release|x86.Build.0 = Release|Any CPU
		{D7B1E834-4BE1-427D-A63F-A0237C716650}.Debug|Any CPU.ActiveCfg = Debug|Any CPU
		{D7B1E834-4BE1-427D-A63F-A0237C716650}.Debug|Any CPU.Build.0 = Debug|Any CPU
		{D7B1E834-4BE1-427D-A63F-A0237C716650}.Debug|x64.ActiveCfg = Debug|Any CPU
		{D7B1E834-4BE1-427D-A63F-A0237C716650}.Debug|x64.Build.0 = Debug|Any CPU
		{D7B1E834-4BE1-427D-A63F-A0237C716650}.Debug|x86.ActiveCfg = Debug|Any CPU
		{D7B1E834-4BE1-427D-A63F-A0237C716650}.Debug|x86.Build.0 = Debug|Any CPU
		{D7B1E834-4BE1-427D-A63F-A0237C716650}.Release|Any CPU.ActiveCfg = Release|Any CPU
		{D7B1E834-4BE1-427D-A63F-A0237C716650}.Release|Any CPU.Build.0 = Release|Any CPU
		{D7B1E834-4BE1-427D-A63F-A0237C716650}.Release|x64.ActiveCfg = Release|Any CPU
		{D7B1E834-4BE1-427D-A63F-A0237C716650}.Release|x64.Build.0 = Release|Any CPU
		{D7B1E834-4BE1-427D-A63F-A0237C716650}.Release|x86.ActiveCfg = Release|Any CPU
		{D7B1E834-4BE1-427D-A63F-A0237C716650}.Release|x86.Build.0 = Release|Any CPU
	EndGlobalSection
	GlobalSection(SolutionProperties) = preSolution
		HideSolutionNode = FALSE
	EndGlobalSection
EndGlobal
