
Microsoft Visual Studio Solution File, Format Version 12.00
Project("{FAE04EC0-301F-11D3-BF4B-00C04F79EFBC}") = "FileStoringService.Entities", "FileStoringService.Entities\FileStoringService.Entities.csproj", "{04D68580-8E5B-407B-BA1D-5E9162EC1E94}"
EndProject
Project("{FAE04EC0-301F-11D3-BF4B-00C04F79EFBC}") = "FileStoringService.UseCases", "FileStoringService.UseCases\FileStoringService.UseCases.csproj", "{5E5C784E-79F6-4367-AF25-73E440B38FAD}"
EndProject
Project("{FAE04EC0-301F-11D3-BF4B-00C04F79EFBC}") = "FileAnalisysService.Entities", "FileAnalisysService.Entities\FileAnalisysService.Entities.csproj", "{A658F1BD-2F33-4039-9827-793179F60B83}"
EndProject
Project("{FAE04EC0-301F-11D3-BF4B-00C04F79EFBC}") = "FileAnalisysService.UseCases", "FileAnalisysService.UseCases\FileAnalisysService.UseCases.csproj", "{845D5282-2AD4-40C7-B59F-B6F4895EDCDC}"
EndProject
Project("{FAE04EC0-301F-11D3-BF4B-00C04F79EFBC}") = "FileStoringService.Infrastructure", "FileStoringService.Infrastructure\FileStoringService.Infrastructure.csproj", "{8956A080-30D3-48B8-BD7C-09E005B8FB87}"
EndProject
Project("{FAE04EC0-301F-11D3-BF4B-00C04F79EFBC}") = "FileAnalisysService.Infrastructure", "FileAnalisysService.Infrastructure\FileAnalisysService.Infrastructure.csproj", "{9CC73BA2-DEEE-4946-B22F-9751A4F1D7B3}"
EndProject
Project("{FAE04EC0-301F-11D3-BF4B-00C04F79EFBC}") = "FileStoringService.Presentation", "FileStoringService.Presentation\FileStoringService.Presentation.csproj", "{F8FAF02D-014F-40A6-BAB8-C892E1F2C30D}"
EndProject
Global
	GlobalSection(SolutionConfigurationPlatforms) = preSolution
		Debug|Any CPU = Debug|Any CPU
		Release|Any CPU = Release|Any CPU
	EndGlobalSection
	GlobalSection(ProjectConfigurationPlatforms) = postSolution
		{04D68580-8E5B-407B-BA1D-5E9162EC1E94}.Debug|Any CPU.ActiveCfg = Debug|Any CPU
		{04D68580-8E5B-407B-BA1D-5E9162EC1E94}.Debug|Any CPU.Build.0 = Debug|Any CPU
		{04D68580-8E5B-407B-BA1D-5E9162EC1E94}.Release|Any CPU.ActiveCfg = Release|Any CPU
		{04D68580-8E5B-407B-BA1D-5E9162EC1E94}.Release|Any CPU.Build.0 = Release|Any CPU
		{5E5C784E-79F6-4367-AF25-73E440B38FAD}.Debug|Any CPU.ActiveCfg = Debug|Any CPU
		{5E5C784E-79F6-4367-AF25-73E440B38FAD}.Debug|Any CPU.Build.0 = Debug|Any CPU
		{5E5C784E-79F6-4367-AF25-73E440B38FAD}.Release|Any CPU.ActiveCfg = Release|Any CPU
		{5E5C784E-79F6-4367-AF25-73E440B38FAD}.Release|Any CPU.Build.0 = Release|Any CPU
		{A658F1BD-2F33-4039-9827-793179F60B83}.Debug|Any CPU.ActiveCfg = Debug|Any CPU
		{A658F1BD-2F33-4039-9827-793179F60B83}.Debug|Any CPU.Build.0 = Debug|Any CPU
		{A658F1BD-2F33-4039-9827-793179F60B83}.Release|Any CPU.ActiveCfg = Release|Any CPU
		{A658F1BD-2F33-4039-9827-793179F60B83}.Release|Any CPU.Build.0 = Release|Any CPU
		{845D5282-2AD4-40C7-B59F-B6F4895EDCDC}.Debug|Any CPU.ActiveCfg = Debug|Any CPU
		{845D5282-2AD4-40C7-B59F-B6F4895EDCDC}.Debug|Any CPU.Build.0 = Debug|Any CPU
		{845D5282-2AD4-40C7-B59F-B6F4895EDCDC}.Release|Any CPU.ActiveCfg = Release|Any CPU
		{845D5282-2AD4-40C7-B59F-B6F4895EDCDC}.Release|Any CPU.Build.0 = Release|Any CPU
		{8956A080-30D3-48B8-BD7C-09E005B8FB87}.Debug|Any CPU.ActiveCfg = Debug|Any CPU
		{8956A080-30D3-48B8-BD7C-09E005B8FB87}.Debug|Any CPU.Build.0 = Debug|Any CPU
		{8956A080-30D3-48B8-BD7C-09E005B8FB87}.Release|Any CPU.ActiveCfg = Release|Any CPU
		{8956A080-30D3-48B8-BD7C-09E005B8FB87}.Release|Any CPU.Build.0 = Release|Any CPU
		{9CC73BA2-DEEE-4946-B22F-9751A4F1D7B3}.Debug|Any CPU.ActiveCfg = Debug|Any CPU
		{9CC73BA2-DEEE-4946-B22F-9751A4F1D7B3}.Debug|Any CPU.Build.0 = Debug|Any CPU
		{9CC73BA2-DEEE-4946-B22F-9751A4F1D7B3}.Release|Any CPU.ActiveCfg = Release|Any CPU
		{9CC73BA2-DEEE-4946-B22F-9751A4F1D7B3}.Release|Any CPU.Build.0 = Release|Any CPU
		{F8FAF02D-014F-40A6-BAB8-C892E1F2C30D}.Debug|Any CPU.ActiveCfg = Debug|Any CPU
		{F8FAF02D-014F-40A6-BAB8-C892E1F2C30D}.Debug|Any CPU.Build.0 = Debug|Any CPU
		{F8FAF02D-014F-40A6-BAB8-C892E1F2C30D}.Release|Any CPU.ActiveCfg = Release|Any CPU
		{F8FAF02D-014F-40A6-BAB8-C892E1F2C30D}.Release|Any CPU.Build.0 = Release|Any CPU
	EndGlobalSection
EndGlobal
